
Microsoft Visual Studio Solution File, Format Version 12.00
# Visual Studio Version 16
VisualStudioVersion = 16.0.30907.101
MinimumVisualStudioVersion = 10.0.40219.1
Project("{FAE04EC0-301F-11D3-BF4B-00C04F79EFBC}") = "YAHRA", "YAHRA\YAHRA.csproj", "{F78B609E-F341-40E6-9174-5DAA5FC6D6D5}"
EndProject
Global
	GlobalSection(SolutionConfigurationPlatforms) = preSolution
		Debug|Any CPU = Debug|Any CPU
		Release|Any CPU = Release|Any CPU
	EndGlobalSection
	GlobalSection(ProjectConfigurationPlatforms) = postSolution
		{F78B609E-F341-40E6-9174-5DAA5FC6D6D5}.Debug|Any CPU.ActiveCfg = Debug|Any CPU
		{F78B609E-F341-40E6-9174-5DAA5FC6D6D5}.Debug|Any CPU.Build.0 = Debug|Any CPU
		{F78B609E-F341-40E6-9174-5DAA5FC6D6D5}.Release|Any CPU.ActiveCfg = Release|Any CPU
		{F78B609E-F341-40E6-9174-5DAA5FC6D6D5}.Release|Any CPU.Build.0 = Release|Any CPU
	EndGlobalSection
	GlobalSection(SolutionProperties) = preSolution
		HideSolutionNode = FALSE
	EndGlobalSection
	GlobalSection(ExtensibilityGlobals) = postSolution
		SolutionGuid = {1B71BCCF-34C0-4494-85F3-7473BDEC2EBE}
	EndGlobalSection
EndGlobal
